// !$*UTF8*$!
{
	archiveVersion = 1;
	classes = {
	};
	objectVersion = 46;
	objects = {

/* Begin PBXBuildFile section */
		A536480FA9FF9C274C0F53F4 /* Pods_ads2016.framework in Frameworks */ = {isa = PBXBuildFile; fileRef = 6730737C10507B067C8469E2 /* Pods_ads2016.framework */; };
		C4D6043F1DAE4C330092A015 /* main.m in Sources */ = {isa = PBXBuildFile; fileRef = C4D6043E1DAE4C330092A015 /* main.m */; };
		C4D604481DAE4C330092A015 /* Main.storyboard in Resources */ = {isa = PBXBuildFile; fileRef = C4D604461DAE4C330092A015 /* Main.storyboard */; };
		C4D6044A1DAE4C330092A015 /* Assets.xcassets in Resources */ = {isa = PBXBuildFile; fileRef = C4D604491DAE4C330092A015 /* Assets.xcassets */; };
		C4D6044D1DAE4C330092A015 /* LaunchScreen.storyboard in Resources */ = {isa = PBXBuildFile; fileRef = C4D6044B1DAE4C330092A015 /* LaunchScreen.storyboard */; };
		C4D6045E1DAE4EA90092A015 /* WebService.plist in Resources */ = {isa = PBXBuildFile; fileRef = C4D6045D1DAE4EA90092A015 /* WebService.plist */; };
		C4D604611DAE4F370092A015 /* UIColor+Custom.m in Sources */ = {isa = PBXBuildFile; fileRef = C4D604601DAE4F370092A015 /* UIColor+Custom.m */; };
		C4D604651DAE50F40092A015 /* MainManager.m in Sources */ = {isa = PBXBuildFile; fileRef = C4D604641DAE50F40092A015 /* MainManager.m */; };
		C4D604681DAE51020092A015 /* DataManager.m in Sources */ = {isa = PBXBuildFile; fileRef = C4D604671DAE51020092A015 /* DataManager.m */; };
		C4D6046B1DAE51A10092A015 /* ServiceManager.m in Sources */ = {isa = PBXBuildFile; fileRef = C4D6046A1DAE51A10092A015 /* ServiceManager.m */; };
		C4D6046E1DAE54D30092A015 /* StringServer.m in Sources */ = {isa = PBXBuildFile; fileRef = C4D6046D1DAE54D30092A015 /* StringServer.m */; };
		C4D604711DAE569E0092A015 /* AppDelegate.m in Sources */ = {isa = PBXBuildFile; fileRef = C4D604701DAE569E0092A015 /* AppDelegate.m */; };
		C4D604741DAE574A0092A015 /* AdsService.m in Sources */ = {isa = PBXBuildFile; fileRef = C4D604731DAE574A0092A015 /* AdsService.m */; };
		C4D6047F1DAE5AE40092A015 /* ADAds.m in Sources */ = {isa = PBXBuildFile; fileRef = C4D604781DAE5AE40092A015 /* ADAds.m */; };
		C4D604801DAE5AE40092A015 /* ADData.m in Sources */ = {isa = PBXBuildFile; fileRef = C4D6047A1DAE5AE40092A015 /* ADData.m */; };
		C4D604811DAE5AE40092A015 /* ADPhotos.m in Sources */ = {isa = PBXBuildFile; fileRef = C4D6047C1DAE5AE40092A015 /* ADPhotos.m */; };
		C4D604821DAE5AE40092A015 /* ADRequest.m in Sources */ = {isa = PBXBuildFile; fileRef = C4D6047E1DAE5AE40092A015 /* ADRequest.m */; };
/* End PBXBuildFile section */

/* Begin PBXFileReference section */
		009ACF7B4702E443A27C12BB /* Pods-ads2016.debug.xcconfig */ = {isa = PBXFileReference; includeInIndex = 1; lastKnownFileType = text.xcconfig; name = "Pods-ads2016.debug.xcconfig"; path = "Pods/Target Support Files/Pods-ads2016/Pods-ads2016.debug.xcconfig"; sourceTree = "<group>"; };
		4D33926949BE5AD347C0AF8C /* Pods-ads2016.release.xcconfig */ = {isa = PBXFileReference; includeInIndex = 1; lastKnownFileType = text.xcconfig; name = "Pods-ads2016.release.xcconfig"; path = "Pods/Target Support Files/Pods-ads2016/Pods-ads2016.release.xcconfig"; sourceTree = "<group>"; };
		6730737C10507B067C8469E2 /* Pods_ads2016.framework */ = {isa = PBXFileReference; explicitFileType = wrapper.framework; includeInIndex = 0; path = Pods_ads2016.framework; sourceTree = BUILT_PRODUCTS_DIR; };
		C4D6043A1DAE4C330092A015 /* ads2016.app */ = {isa = PBXFileReference; explicitFileType = wrapper.application; includeInIndex = 0; path = ads2016.app; sourceTree = BUILT_PRODUCTS_DIR; };
		C4D6043E1DAE4C330092A015 /* main.m */ = {isa = PBXFileReference; lastKnownFileType = sourcecode.c.objc; path = main.m; sourceTree = "<group>"; };
		C4D604471DAE4C330092A015 /* Base */ = {isa = PBXFileReference; lastKnownFileType = file.storyboard; name = Base; path = Base.lproj/Main.storyboard; sourceTree = "<group>"; };
		C4D604491DAE4C330092A015 /* Assets.xcassets */ = {isa = PBXFileReference; lastKnownFileType = folder.assetcatalog; path = Assets.xcassets; sourceTree = "<group>"; };
		C4D6044C1DAE4C330092A015 /* Base */ = {isa = PBXFileReference; lastKnownFileType = file.storyboard; name = Base; path = Base.lproj/LaunchScreen.storyboard; sourceTree = "<group>"; };
		C4D6044E1DAE4C330092A015 /* Info.plist */ = {isa = PBXFileReference; lastKnownFileType = text.plist.xml; path = Info.plist; sourceTree = "<group>"; };
		C4D6045C1DAE4E5B0092A015 /* Defines.h */ = {isa = PBXFileReference; fileEncoding = 4; lastKnownFileType = sourcecode.c.h; path = Defines.h; sourceTree = "<group>"; };
		C4D6045D1DAE4EA90092A015 /* WebService.plist */ = {isa = PBXFileReference; fileEncoding = 4; lastKnownFileType = text.plist.xml; path = WebService.plist; sourceTree = "<group>"; };
		C4D6045F1DAE4F370092A015 /* UIColor+Custom.h */ = {isa = PBXFileReference; fileEncoding = 4; lastKnownFileType = sourcecode.c.h; path = "UIColor+Custom.h"; sourceTree = "<group>"; };
		C4D604601DAE4F370092A015 /* UIColor+Custom.m */ = {isa = PBXFileReference; fileEncoding = 4; lastKnownFileType = sourcecode.c.objc; path = "UIColor+Custom.m"; sourceTree = "<group>"; };
		C4D604621DAE4FCC0092A015 /* Ads2016-Prefix.pch */ = {isa = PBXFileReference; lastKnownFileType = sourcecode.c.h; path = "Ads2016-Prefix.pch"; sourceTree = "<group>"; };
		C4D604631DAE50F40092A015 /* MainManager.h */ = {isa = PBXFileReference; fileEncoding = 4; lastKnownFileType = sourcecode.c.h; path = MainManager.h; sourceTree = "<group>"; };
		C4D604641DAE50F40092A015 /* MainManager.m */ = {isa = PBXFileReference; fileEncoding = 4; lastKnownFileType = sourcecode.c.objc; path = MainManager.m; sourceTree = "<group>"; };
		C4D604661DAE51020092A015 /* DataManager.h */ = {isa = PBXFileReference; fileEncoding = 4; lastKnownFileType = sourcecode.c.h; name = DataManager.h; path = "../2. Global/DataManager.h"; sourceTree = "<group>"; };
		C4D604671DAE51020092A015 /* DataManager.m */ = {isa = PBXFileReference; fileEncoding = 4; lastKnownFileType = sourcecode.c.objc; name = DataManager.m; path = "../2. Global/DataManager.m"; sourceTree = "<group>"; };
		C4D604691DAE51A10092A015 /* ServiceManager.h */ = {isa = PBXFileReference; fileEncoding = 4; lastKnownFileType = sourcecode.c.h; path = ServiceManager.h; sourceTree = "<group>"; };
		C4D6046A1DAE51A10092A015 /* ServiceManager.m */ = {isa = PBXFileReference; fileEncoding = 4; lastKnownFileType = sourcecode.c.objc; path = ServiceManager.m; sourceTree = "<group>"; };
		C4D6046C1DAE54D30092A015 /* StringServer.h */ = {isa = PBXFileReference; fileEncoding = 4; lastKnownFileType = sourcecode.c.h; path = StringServer.h; sourceTree = "<group>"; };
		C4D6046D1DAE54D30092A015 /* StringServer.m */ = {isa = PBXFileReference; fileEncoding = 4; lastKnownFileType = sourcecode.c.objc; path = StringServer.m; sourceTree = "<group>"; };
		C4D6046F1DAE569E0092A015 /* AppDelegate.h */ = {isa = PBXFileReference; fileEncoding = 4; lastKnownFileType = sourcecode.c.h; path = AppDelegate.h; sourceTree = "<group>"; };
		C4D604701DAE569E0092A015 /* AppDelegate.m */ = {isa = PBXFileReference; fileEncoding = 4; lastKnownFileType = sourcecode.c.objc; path = AppDelegate.m; sourceTree = "<group>"; };
		C4D604721DAE574A0092A015 /* AdsService.h */ = {isa = PBXFileReference; fileEncoding = 4; lastKnownFileType = sourcecode.c.h; path = AdsService.h; sourceTree = "<group>"; };
		C4D604731DAE574A0092A015 /* AdsService.m */ = {isa = PBXFileReference; fileEncoding = 4; lastKnownFileType = sourcecode.c.objc; path = AdsService.m; sourceTree = "<group>"; };
		C4D604761DAE5ADD0092A015 /* DataModels.h */ = {isa = PBXFileReference; fileEncoding = 4; lastKnownFileType = sourcecode.c.h; path = DataModels.h; sourceTree = "<group>"; };
		C4D604771DAE5AE40092A015 /* ADAds.h */ = {isa = PBXFileReference; fileEncoding = 4; lastKnownFileType = sourcecode.c.h; path = ADAds.h; sourceTree = "<group>"; };
		C4D604781DAE5AE40092A015 /* ADAds.m */ = {isa = PBXFileReference; fileEncoding = 4; lastKnownFileType = sourcecode.c.objc; path = ADAds.m; sourceTree = "<group>"; };
		C4D604791DAE5AE40092A015 /* ADData.h */ = {isa = PBXFileReference; fileEncoding = 4; lastKnownFileType = sourcecode.c.h; path = ADData.h; sourceTree = "<group>"; };
		C4D6047A1DAE5AE40092A015 /* ADData.m */ = {isa = PBXFileReference; fileEncoding = 4; lastKnownFileType = sourcecode.c.objc; path = ADData.m; sourceTree = "<group>"; };
		C4D6047B1DAE5AE40092A015 /* ADPhotos.h */ = {isa = PBXFileReference; fileEncoding = 4; lastKnownFileType = sourcecode.c.h; path = ADPhotos.h; sourceTree = "<group>"; };
		C4D6047C1DAE5AE40092A015 /* ADPhotos.m */ = {isa = PBXFileReference; fileEncoding = 4; lastKnownFileType = sourcecode.c.objc; path = ADPhotos.m; sourceTree = "<group>"; };
		C4D6047D1DAE5AE40092A015 /* ADRequest.h */ = {isa = PBXFileReference; fileEncoding = 4; lastKnownFileType = sourcecode.c.h; path = ADRequest.h; sourceTree = "<group>"; };
		C4D6047E1DAE5AE40092A015 /* ADRequest.m */ = {isa = PBXFileReference; fileEncoding = 4; lastKnownFileType = sourcecode.c.objc; path = ADRequest.m; sourceTree = "<group>"; };
/* End PBXFileReference section */

/* Begin PBXFrameworksBuildPhase section */
		C4D604371DAE4C330092A015 /* Frameworks */ = {
			isa = PBXFrameworksBuildPhase;
			buildActionMask = 2147483647;
			files = (
				A536480FA9FF9C274C0F53F4 /* Pods_ads2016.framework in Frameworks */,
			);
			runOnlyForDeploymentPostprocessing = 0;
		};
/* End PBXFrameworksBuildPhase section */

/* Begin PBXGroup section */
		0AEC53DB2EDFF40DD46C08F6 /* Frameworks */ = {
			isa = PBXGroup;
			children = (
				6730737C10507B067C8469E2 /* Pods_ads2016.framework */,
			);
			name = Frameworks;
			sourceTree = "<group>";
		};
		641E267193350D2C005A8EEB /* Pods */ = {
			isa = PBXGroup;
			children = (
				009ACF7B4702E443A27C12BB /* Pods-ads2016.debug.xcconfig */,
				4D33926949BE5AD347C0AF8C /* Pods-ads2016.release.xcconfig */,
			);
			name = Pods;
			sourceTree = "<group>";
		};
		C4D604311DAE4C330092A015 = {
			isa = PBXGroup;
			children = (
				C4D6043C1DAE4C330092A015 /* ads2016 */,
				C4D6043B1DAE4C330092A015 /* Products */,
				641E267193350D2C005A8EEB /* Pods */,
				0AEC53DB2EDFF40DD46C08F6 /* Frameworks */,
			);
			sourceTree = "<group>";
		};
		C4D6043B1DAE4C330092A015 /* Products */ = {
			isa = PBXGroup;
			children = (
				C4D6043A1DAE4C330092A015 /* ads2016.app */,
			);
			name = Products;
			sourceTree = "<group>";
		};
		C4D6043C1DAE4C330092A015 /* ads2016 */ = {
			isa = PBXGroup;
			children = (
				C4D604541DAE4DC70092A015 /* 0. Configurations */,
				C4D604551DAE4DC70092A015 /* 1. Components */,
				C4D604561DAE4DC70092A015 /* 2. Global */,
				C4D604571DAE4DC70092A015 /* 3. Model */,
				C4D604581DAE4DC70092A015 /* 4. Controllers */,
				C4D604591DAE4DC70092A015 /* 5. Services */,
				C4D6045A1DAE4DC70092A015 /* 6. AppFlow */,
				C4D604491DAE4C330092A015 /* Assets.xcassets */,
				C4D6043D1DAE4C330092A015 /* Supporting Files */,
			);
			path = ads2016;
			sourceTree = "<group>";
		};
		C4D6043D1DAE4C330092A015 /* Supporting Files */ = {
			isa = PBXGroup;
			children = (
				C4D6044E1DAE4C330092A015 /* Info.plist */,
				C4D6043E1DAE4C330092A015 /* main.m */,
				C4D604621DAE4FCC0092A015 /* Ads2016-Prefix.pch */,
			);
			name = "Supporting Files";
			sourceTree = "<group>";
		};
		C4D604541DAE4DC70092A015 /* 0. Configurations */ = {
			isa = PBXGroup;
			children = (
				C4D6045C1DAE4E5B0092A015 /* Defines.h */,
				C4D6045D1DAE4EA90092A015 /* WebService.plist */,
				C4D6046C1DAE54D30092A015 /* StringServer.h */,
				C4D6046D1DAE54D30092A015 /* StringServer.m */,
			);
			path = "0. Configurations";
			sourceTree = "<group>";
		};
		C4D604551DAE4DC70092A015 /* 1. Components */ = {
			isa = PBXGroup;
			children = (
				C4D6045F1DAE4F370092A015 /* UIColor+Custom.h */,
				C4D604601DAE4F370092A015 /* UIColor+Custom.m */,
			);
			path = "1. Components";
			sourceTree = "<group>";
		};
		C4D604561DAE4DC70092A015 /* 2. Global */ = {
			isa = PBXGroup;
			children = (
				C4D6046F1DAE569E0092A015 /* AppDelegate.h */,
				C4D604701DAE569E0092A015 /* AppDelegate.m */,
				C4D604631DAE50F40092A015 /* MainManager.h */,
				C4D604641DAE50F40092A015 /* MainManager.m */,
			);
			path = "2. Global";
			sourceTree = "<group>";
		};
		C4D604571DAE4DC70092A015 /* 3. Model */ = {
			isa = PBXGroup;
			children = (
				C4D604761DAE5ADD0092A015 /* DataModels.h */,
				C4D604751DAE5AD20092A015 /* ADs */,
				C4D604661DAE51020092A015 /* DataManager.h */,
				C4D604671DAE51020092A015 /* DataManager.m */,
			);
			path = "3. Model";
			sourceTree = "<group>";
		};
		C4D604581DAE4DC70092A015 /* 4. Controllers */ = {
			isa = PBXGroup;
			children = (
			);
			path = "4. Controllers";
			sourceTree = "<group>";
		};
		C4D604591DAE4DC70092A015 /* 5. Services */ = {
			isa = PBXGroup;
			children = (
				C4D604691DAE51A10092A015 /* ServiceManager.h */,
				C4D6046A1DAE51A10092A015 /* ServiceManager.m */,
				C4D604721DAE574A0092A015 /* AdsService.h */,
				C4D604731DAE574A0092A015 /* AdsService.m */,
			);
			path = "5. Services";
			sourceTree = "<group>";
		};
		C4D6045A1DAE4DC70092A015 /* 6. AppFlow */ = {
			isa = PBXGroup;
			children = (
				C4D6045B1DAE4DD50092A015 /* Storyboards */,
			);
			path = "6. AppFlow";
			sourceTree = "<group>";
		};
		C4D6045B1DAE4DD50092A015 /* Storyboards */ = {
			isa = PBXGroup;
			children = (
				C4D604461DAE4C330092A015 /* Main.storyboard */,
				C4D6044B1DAE4C330092A015 /* LaunchScreen.storyboard */,
			);
			name = Storyboards;
			sourceTree = "<group>";
		};
		C4D604751DAE5AD20092A015 /* ADs */ = {
			isa = PBXGroup;
			children = (
				C4D604771DAE5AE40092A015 /* ADAds.h */,
				C4D604781DAE5AE40092A015 /* ADAds.m */,
				C4D604791DAE5AE40092A015 /* ADData.h */,
				C4D6047A1DAE5AE40092A015 /* ADData.m */,
				C4D6047B1DAE5AE40092A015 /* ADPhotos.h */,
				C4D6047C1DAE5AE40092A015 /* ADPhotos.m */,
				C4D6047D1DAE5AE40092A015 /* ADRequest.h */,
				C4D6047E1DAE5AE40092A015 /* ADRequest.m */,
			);
			name = ADs;
			sourceTree = "<group>";
		};
/* End PBXGroup section */

/* Begin PBXNativeTarget section */
		C4D604391DAE4C330092A015 /* ads2016 */ = {
			isa = PBXNativeTarget;
			buildConfigurationList = C4D604511DAE4C330092A015 /* Build configuration list for PBXNativeTarget "ads2016" */;
			buildPhases = (
				35782E5FD1878A7A846BBCA7 /* [CP] Check Pods Manifest.lock */,
				C4D604361DAE4C330092A015 /* Sources */,
				C4D604371DAE4C330092A015 /* Frameworks */,
				C4D604381DAE4C330092A015 /* Resources */,
				9654DC6E6BB46193B536BBEC /* [CP] Embed Pods Frameworks */,
				AF2C1C8344CC17AA7E56EDC0 /* [CP] Copy Pods Resources */,
			);
			buildRules = (
			);
			dependencies = (
			);
			name = ads2016;
			productName = ads2016;
			productReference = C4D6043A1DAE4C330092A015 /* ads2016.app */;
			productType = "com.apple.product-type.application";
		};
/* End PBXNativeTarget section */

/* Begin PBXProject section */
		C4D604321DAE4C330092A015 /* Project object */ = {
			isa = PBXProject;
			attributes = {
				LastUpgradeCheck = 0800;
				ORGANIZATIONNAME = "Bruno Tereso";
				TargetAttributes = {
					C4D604391DAE4C330092A015 = {
						CreatedOnToolsVersion = 8.0;
						DevelopmentTeam = K8RW44DJ22;
						ProvisioningStyle = Automatic;
					};
				};
			};
			buildConfigurationList = C4D604351DAE4C330092A015 /* Build configuration list for PBXProject "ads2016" */;
			compatibilityVersion = "Xcode 3.2";
			developmentRegion = English;
			hasScannedForEncodings = 0;
			knownRegions = (
				en,
				Base,
			);
			mainGroup = C4D604311DAE4C330092A015;
			productRefGroup = C4D6043B1DAE4C330092A015 /* Products */;
			projectDirPath = "";
			projectRoot = "";
			targets = (
				C4D604391DAE4C330092A015 /* ads2016 */,
			);
		};
/* End PBXProject section */

/* Begin PBXResourcesBuildPhase section */
		C4D604381DAE4C330092A015 /* Resources */ = {
			isa = PBXResourcesBuildPhase;
			buildActionMask = 2147483647;
			files = (
				C4D6044D1DAE4C330092A015 /* LaunchScreen.storyboard in Resources */,
				C4D6045E1DAE4EA90092A015 /* WebService.plist in Resources */,
				C4D6044A1DAE4C330092A015 /* Assets.xcassets in Resources */,
				C4D604481DAE4C330092A015 /* Main.storyboard in Resources */,
			);
			runOnlyForDeploymentPostprocessing = 0;
		};
/* End PBXResourcesBuildPhase section */

/* Begin PBXShellScriptBuildPhase section */
		35782E5FD1878A7A846BBCA7 /* [CP] Check Pods Manifest.lock */ = {
			isa = PBXShellScriptBuildPhase;
			buildActionMask = 2147483647;
			files = (
			);
			inputPaths = (
			);
			name = "[CP] Check Pods Manifest.lock";
			outputPaths = (
			);
			runOnlyForDeploymentPostprocessing = 0;
			shellPath = /bin/sh;
			shellScript = "diff \"${PODS_ROOT}/../Podfile.lock\" \"${PODS_ROOT}/Manifest.lock\" > /dev/null\nif [[ $? != 0 ]] ; then\n    cat << EOM\nerror: The sandbox is not in sync with the Podfile.lock. Run 'pod install' or update your CocoaPods installation.\nEOM\n    exit 1\nfi\n";
			showEnvVarsInLog = 0;
		};
		9654DC6E6BB46193B536BBEC /* [CP] Embed Pods Frameworks */ = {
			isa = PBXShellScriptBuildPhase;
			buildActionMask = 2147483647;
			files = (
			);
			inputPaths = (
			);
			name = "[CP] Embed Pods Frameworks";
			outputPaths = (
			);
			runOnlyForDeploymentPostprocessing = 0;
			shellPath = /bin/sh;
			shellScript = "\"${SRCROOT}/Pods/Target Support Files/Pods-ads2016/Pods-ads2016-frameworks.sh\"\n";
			showEnvVarsInLog = 0;
		};
		AF2C1C8344CC17AA7E56EDC0 /* [CP] Copy Pods Resources */ = {
			isa = PBXShellScriptBuildPhase;
			buildActionMask = 2147483647;
			files = (
			);
			inputPaths = (
			);
			name = "[CP] Copy Pods Resources";
			outputPaths = (
			);
			runOnlyForDeploymentPostprocessing = 0;
			shellPath = /bin/sh;
			shellScript = "\"${SRCROOT}/Pods/Target Support Files/Pods-ads2016/Pods-ads2016-resources.sh\"\n";
			showEnvVarsInLog = 0;
		};
/* End PBXShellScriptBuildPhase section */

/* Begin PBXSourcesBuildPhase section */
		C4D604361DAE4C330092A015 /* Sources */ = {
			isa = PBXSourcesBuildPhase;
			buildActionMask = 2147483647;
			files = (
				C4D604811DAE5AE40092A015 /* ADPhotos.m in Sources */,
				C4D604741DAE574A0092A015 /* AdsService.m in Sources */,
				C4D604651DAE50F40092A015 /* MainManager.m in Sources */,
				C4D604681DAE51020092A015 /* DataManager.m in Sources */,
				C4D6046B1DAE51A10092A015 /* ServiceManager.m in Sources */,
				C4D6046E1DAE54D30092A015 /* StringServer.m in Sources */,
				C4D604611DAE4F370092A015 /* UIColor+Custom.m in Sources */,
				C4D6047F1DAE5AE40092A015 /* ADAds.m in Sources */,
				C4D604821DAE5AE40092A015 /* ADRequest.m in Sources */,
				C4D6043F1DAE4C330092A015 /* main.m in Sources */,
				C4D604801DAE5AE40092A015 /* ADData.m in Sources */,
				C4D604711DAE569E0092A015 /* AppDelegate.m in Sources */,
			);
			runOnlyForDeploymentPostprocessing = 0;
		};
/* End PBXSourcesBuildPhase section */

/* Begin PBXVariantGroup section */
		C4D604461DAE4C330092A015 /* Main.storyboard */ = {
			isa = PBXVariantGroup;
			children = (
				C4D604471DAE4C330092A015 /* Base */,
			);
			name = Main.storyboard;
			path = ..;
			sourceTree = "<group>";
		};
		C4D6044B1DAE4C330092A015 /* LaunchScreen.storyboard */ = {
			isa = PBXVariantGroup;
			children = (
				C4D6044C1DAE4C330092A015 /* Base */,
			);
			name = LaunchScreen.storyboard;
			path = ..;
			sourceTree = "<group>";
		};
/* End PBXVariantGroup section */

/* Begin XCBuildConfiguration section */
		C4D6044F1DAE4C330092A015 /* Debug */ = {
			isa = XCBuildConfiguration;
			buildSettings = {
				ALWAYS_SEARCH_USER_PATHS = NO;
				CLANG_ANALYZER_NONNULL = YES;
				CLANG_CXX_LANGUAGE_STANDARD = "gnu++0x";
				CLANG_CXX_LIBRARY = "libc++";
				CLANG_ENABLE_MODULES = YES;
				CLANG_ENABLE_OBJC_ARC = YES;
				CLANG_WARN_BOOL_CONVERSION = YES;
				CLANG_WARN_CONSTANT_CONVERSION = YES;
				CLANG_WARN_DIRECT_OBJC_ISA_USAGE = YES_ERROR;
				CLANG_WARN_DOCUMENTATION_COMMENTS = YES;
				CLANG_WARN_EMPTY_BODY = YES;
				CLANG_WARN_ENUM_CONVERSION = YES;
				CLANG_WARN_INFINITE_RECURSION = YES;
				CLANG_WARN_INT_CONVERSION = YES;
				CLANG_WARN_OBJC_ROOT_CLASS = YES_ERROR;
				CLANG_WARN_SUSPICIOUS_MOVE = YES;
				CLANG_WARN_SUSPICIOUS_MOVES = YES;
				CLANG_WARN_UNREACHABLE_CODE = YES;
				CLANG_WARN__DUPLICATE_METHOD_MATCH = YES;
				"CODE_SIGN_IDENTITY[sdk=iphoneos*]" = "iPhone Developer";
				COPY_PHASE_STRIP = NO;
				DEBUG_INFORMATION_FORMAT = dwarf;
				ENABLE_STRICT_OBJC_MSGSEND = YES;
				ENABLE_TESTABILITY = YES;
				GCC_C_LANGUAGE_STANDARD = gnu99;
				GCC_DYNAMIC_NO_PIC = NO;
				GCC_NO_COMMON_BLOCKS = YES;
				GCC_OPTIMIZATION_LEVEL = 0;
				GCC_PREPROCESSOR_DEFINITIONS = (
					"DEBUG=1",
					"$(inherited)",
				);
				GCC_WARN_64_TO_32_BIT_CONVERSION = YES;
				GCC_WARN_ABOUT_RETURN_TYPE = YES_ERROR;
				GCC_WARN_UNDECLARED_SELECTOR = YES;
				GCC_WARN_UNINITIALIZED_AUTOS = YES_AGGRESSIVE;
				GCC_WARN_UNUSED_FUNCTION = YES;
				GCC_WARN_UNUSED_VARIABLE = YES;
				IPHONEOS_DEPLOYMENT_TARGET = 8.0;
				MTL_ENABLE_DEBUG_INFO = YES;
				ONLY_ACTIVE_ARCH = YES;
				SDKROOT = iphoneos;
				TARGETED_DEVICE_FAMILY = "1,2";
			};
			name = Debug;
		};
		C4D604501DAE4C330092A015 /* Release */ = {
			isa = XCBuildConfiguration;
			buildSettings = {
				ALWAYS_SEARCH_USER_PATHS = NO;
				CLANG_ANALYZER_NONNULL = YES;
				CLANG_CXX_LANGUAGE_STANDARD = "gnu++0x";
				CLANG_CXX_LIBRARY = "libc++";
				CLANG_ENABLE_MODULES = YES;
				CLANG_ENABLE_OBJC_ARC = YES;
				CLANG_WARN_BOOL_CONVERSION = YES;
				CLANG_WARN_CONSTANT_CONVERSION = YES;
				CLANG_WARN_DIRECT_OBJC_ISA_USAGE = YES_ERROR;
				CLANG_WARN_DOCUMENTATION_COMMENTS = YES;
				CLANG_WARN_EMPTY_BODY = YES;
				CLANG_WARN_ENUM_CONVERSION = YES;
				CLANG_WARN_INFINITE_RECURSION = YES;
				CLANG_WARN_INT_CONVERSION = YES;
				CLANG_WARN_OBJC_ROOT_CLASS = YES_ERROR;
				CLANG_WARN_SUSPICIOUS_MOVE = YES;
				CLANG_WARN_SUSPICIOUS_MOVES = YES;
				CLANG_WARN_UNREACHABLE_CODE = YES;
				CLANG_WARN__DUPLICATE_METHOD_MATCH = YES;
				"CODE_SIGN_IDENTITY[sdk=iphoneos*]" = "iPhone Developer";
				COPY_PHASE_STRIP = NO;
				DEBUG_INFORMATION_FORMAT = "dwarf-with-dsym";
				ENABLE_NS_ASSERTIONS = NO;
				ENABLE_STRICT_OBJC_MSGSEND = YES;
				GCC_C_LANGUAGE_STANDARD = gnu99;
				GCC_NO_COMMON_BLOCKS = YES;
				GCC_WARN_64_TO_32_BIT_CONVERSION = YES;
				GCC_WARN_ABOUT_RETURN_TYPE = YES_ERROR;
				GCC_WARN_UNDECLARED_SELECTOR = YES;
				GCC_WARN_UNINITIALIZED_AUTOS = YES_AGGRESSIVE;
				GCC_WARN_UNUSED_FUNCTION = YES;
				GCC_WARN_UNUSED_VARIABLE = YES;
				IPHONEOS_DEPLOYMENT_TARGET = 8.0;
				MTL_ENABLE_DEBUG_INFO = NO;
				SDKROOT = iphoneos;
				TARGETED_DEVICE_FAMILY = "1,2";
				VALIDATE_PRODUCT = YES;
			};
			name = Release;
		};
		C4D604521DAE4C330092A015 /* Debug */ = {
			isa = XCBuildConfiguration;
			baseConfigurationReference = 009ACF7B4702E443A27C12BB /* Pods-ads2016.debug.xcconfig */;
			buildSettings = {
				ASSETCATALOG_COMPILER_APPICON_NAME = AppIcon;
				DEVELOPMENT_TEAM = K8RW44DJ22;
				GCC_PREFIX_HEADER = "$(PROJECT_DIR)/ads2016/Ads2016-Prefix.pch";
				INFOPLIST_FILE = ads2016/Info.plist;
				LD_RUNPATH_SEARCH_PATHS = "$(inherited) @executable_path/Frameworks";
				PRODUCT_BUNDLE_IDENTIFIER = net.brunotereso.ads2016;
				PRODUCT_NAME = "$(TARGET_NAME)";
			};
			name = Debug;
		};
		C4D604531DAE4C330092A015 /* Release */ = {
			isa = XCBuildConfiguration;
			baseConfigurationReference = 4D33926949BE5AD347C0AF8C /* Pods-ads2016.release.xcconfig */;
			buildSettings = {
				ASSETCATALOG_COMPILER_APPICON_NAME = AppIcon;
				DEVELOPMENT_TEAM = K8RW44DJ22;
				GCC_PREFIX_HEADER = "$(PROJECT_DIR)/ads2016/Ads2016-Prefix.pch";
				INFOPLIST_FILE = ads2016/Info.plist;
				LD_RUNPATH_SEARCH_PATHS = "$(inherited) @executable_path/Frameworks";
				PRODUCT_BUNDLE_IDENTIFIER = net.brunotereso.ads2016;
				PRODUCT_NAME = "$(TARGET_NAME)";
			};
			name = Release;
		};
/* End XCBuildConfiguration section */

/* Begin XCConfigurationList section */
		C4D604351DAE4C330092A015 /* Build configuration list for PBXProject "ads2016" */ = {
			isa = XCConfigurationList;
			buildConfigurations = (
				C4D6044F1DAE4C330092A015 /* Debug */,
				C4D604501DAE4C330092A015 /* Release */,
			);
			defaultConfigurationIsVisible = 0;
			defaultConfigurationName = Release;
		};
		C4D604511DAE4C330092A015 /* Build configuration list for PBXNativeTarget "ads2016" */ = {
			isa = XCConfigurationList;
			buildConfigurations = (
				C4D604521DAE4C330092A015 /* Debug */,
				C4D604531DAE4C330092A015 /* Release */,
			);
			defaultConfigurationIsVisible = 0;
			defaultConfigurationName = Release;
		};
/* End XCConfigurationList section */
	};
	rootObject = C4D604321DAE4C330092A015 /* Project object */;
}
